
Microsoft Visual Studio Solution File, Format Version 12.00
# Visual Studio Version 17
VisualStudioVersion = 17.14.37628.2 d17.14
MinimumVisualStudioVersion = 10.0.40219.1
Project("{FAE04EC0-301F-11D3-BF4B-00C04F79EFBC}") = "GeometryLibrary", "GeometryLibrary\GeometryLibrary.csproj", "{1B49F7E1-7C0A-4A62-B4C6-DC6A821ECF66}"
EndProject
Project("{FAE04EC0-301F-11D3-BF4B-00C04F79EFBC}") = "GeometryLibrary.Tests", "GeometryLibrary.Tests\GeometryLibrary.Tests.csproj", "{1D9EB9A7-7017-496C-AF8F-9A0FDC4C1497}"
EndProject
Global
	GlobalSection(SolutionConfigurationPlatforms) = preSolution
		Debug|Any CPU = Debug|Any CPU
		Release|Any CPU = Release|Any CPU
	EndGlobalSection
	GlobalSection(ProjectConfigurationPlatforms) = postSolution
		{1B49F7E1-7C0A-4A62-B4C6-DC6A821ECF66}.Debug|Any CPU.ActiveCfg = Debug|Any CPU
		{1B49F7E1-7C0A-4A62-B4C6-DC6A821ECF66}.Debug|Any CPU.Build.0 = Debug|Any CPU
		{1B49F7E1-7C0A-4A62-B4C6-DC6A821ECF66}.Release|Any CPU.ActiveCfg = Release|Any CPU
		{1B49F7E1-7C0A-4A62-B4C6-DC6A821ECF66}.Release|Any CPU.Build.0 = Release|Any CPU
		{1D9EB9A7-7017-496C-AF8F-9A0FDC4C1497}.Debug|Any CPU.ActiveCfg = Debug|Any CPU
		{1D9EB9A7-7017-496C-AF8F-9A0FDC4C1497}.Debug|Any CPU.Build.0 = Debug|Any CPU
		{1D9EB9A7-7017-496C-AF8F-9A0FDC4C1497}.Release|Any CPU.ActiveCfg = Release|Any CPU
		{1D9EB9A7-7017-496C-AF8F-9A0FDC4C1497}.Release|Any CPU.Build.0 = Release|Any CPU
	EndGlobalSection
	GlobalSection(SolutionProperties) = preSolution
		HideSolutionNode = FALSE
	EndGlobalSection
	GlobalSection(ExtensibilityGlobals) = postSolution
		SolutionGuid = {8B2B982A-8988-4AB7-985C-55C16D8A08EB}
	EndGlobalSection
EndGlobal
